
Microsoft Visual Studio Solution File, Format Version 12.00
# Visual Studio Version 17
VisualStudioVersion = 17.3.32922.545
MinimumVisualStudioVersion = 10.0.40219.1
Project("{FAE04EC0-301F-11D3-BF4B-00C04F79EFBC}") = "SalesWF", "SalesWF.csproj", "{FEEEBD80-12BA-4E44-B380-23A89C9FB308}"
EndProject
Global
	GlobalSection(SolutionConfigurationPlatforms) = preSolution
		Debug|Any CPU = Debug|Any CPU
		Release|Any CPU = Release|Any CPU
	EndGlobalSection
	GlobalSection(ProjectConfigurationPlatforms) = postSolution
		{FEEEBD80-12BA-4E44-B380-23A89C9FB308}.Debug|Any CPU.ActiveCfg = Debug|Any CPU
		{FEEEBD80-12BA-4E44-B380-23A89C9FB308}.Debug|Any CPU.Build.0 = Debug|Any CPU
		{FEEEBD80-12BA-4E44-B380-23A89C9FB308}.Release|Any CPU.ActiveCfg = Release|Any CPU
		{FEEEBD80-12BA-4E44-B380-23A89C9FB308}.Release|Any CPU.Build.0 = Release|Any CPU
	EndGlobalSection
	GlobalSection(SolutionProperties) = preSolution
		HideSolutionNode = FALSE
	EndGlobalSection
	GlobalSection(ExtensibilityGlobals) = postSolution
		SolutionGuid = {B4670103-581D-4B44-A095-D7F8CA0D6883}
	EndGlobalSection
EndGlobal
